
Microsoft Visual Studio Solution File, Format Version 12.00
# Visual Studio Version 17
VisualStudioVersion = 17.9.34701.34
MinimumVisualStudioVersion = 10.0.40219.1
Project("{FAE04EC0-301F-11D3-BF4B-00C04F79EFBC}") = "PR4", "PR4.csproj", "{06DC7B9C-AA9D-4B41-BA16-B337AB18D2FC}"
EndProject
Global
	GlobalSection(SolutionConfigurationPlatforms) = preSolution
		Debug|Any CPU = Debug|Any CPU
		Release|Any CPU = Release|Any CPU
	EndGlobalSection
	GlobalSection(ProjectConfigurationPlatforms) = postSolution
		{06DC7B9C-AA9D-4B41-BA16-B337AB18D2FC}.Debug|Any CPU.ActiveCfg = Debug|Any CPU
		{06DC7B9C-AA9D-4B41-BA16-B337AB18D2FC}.Debug|Any CPU.Build.0 = Debug|Any CPU
		{06DC7B9C-AA9D-4B41-BA16-B337AB18D2FC}.Release|Any CPU.ActiveCfg = Release|Any CPU
		{06DC7B9C-AA9D-4B41-BA16-B337AB18D2FC}.Release|Any CPU.Build.0 = Release|Any CPU
	EndGlobalSection
	GlobalSection(SolutionProperties) = preSolution
		HideSolutionNode = FALSE
	EndGlobalSection
	GlobalSection(ExtensibilityGlobals) = postSolution
		SolutionGuid = {11AB5CD6-E0F1-4B8A-91C5-13F0CB2B0E40}
	EndGlobalSection
EndGlobal
